
Microsoft Visual Studio Solution File, Format Version 12.00
# Visual Studio 15
VisualStudioVersion = 15.0.27703.2042
MinimumVisualStudioVersion = 10.0.40219.1
Project("{9A19103F-16F7-4668-BE54-9A1E7A4F7556}") = "NikitaDev", "NikitaDev\NikitaDev.csproj", "{1D2A0920-FC71-45B7-ACFA-40768DEC5BF5}"
EndProject
Global
	GlobalSection(SolutionConfigurationPlatforms) = preSolution
		Debug|Any CPU = Debug|Any CPU
		Release|Any CPU = Release|Any CPU
	EndGlobalSection
	GlobalSection(ProjectConfigurationPlatforms) = postSolution
		{1D2A0920-FC71-45B7-ACFA-40768DEC5BF5}.Debug|Any CPU.ActiveCfg = Debug|Any CPU
		{1D2A0920-FC71-45B7-ACFA-40768DEC5BF5}.Debug|Any CPU.Build.0 = Debug|Any CPU
		{1D2A0920-FC71-45B7-ACFA-40768DEC5BF5}.Release|Any CPU.ActiveCfg = Release|Any CPU
		{1D2A0920-FC71-45B7-ACFA-40768DEC5BF5}.Release|Any CPU.Build.0 = Release|Any CPU
	EndGlobalSection
	GlobalSection(SolutionProperties) = preSolution
		HideSolutionNode = FALSE
	EndGlobalSection
	GlobalSection(ExtensibilityGlobals) = postSolution
		SolutionGuid = {2B27B341-8206-4453-84C9-8C8DCDF7ECE3}
	EndGlobalSection
EndGlobal
